github.com/anharfhdn/go-say-hello v1.0.0 h1:YB0AnwSrZBJ3i4M1wFRKSAI6zw2hlRmO4L7aUqRWXcM=
github.com/anharfhdn/go-say-hello v1.0.0/go.mod h1:gKtEKnrdmr6lmHMaa7w8ub+pE5mmGPKGuEBuWfjEX20=
github.com/anharfhdn/go-say-hello v1.0.1 h1:BlDE35tdxZOKotuDsIKCyYykrIy4TSeiVgcnQ3lY694=
github.com/anharfhdn/go-say-hello v1.0.1/go.mod h1:gKtEKnrdmr6lmHMaa7w8ub+pE5mmGPKGuEBuWfjEX20=
github.com/anharfhdn/go-say-hello v1.0.3 h1:qUdlhBe25Vq5qp3WDR/B9f8/F8ztzH+mcBKjr8jDeYU=
github.com/anharfhdn/go-say-hello v1.0.3/go.mod h1:gKtEKnrdmr6lmHMaa7w8ub+pE5mmGPKGuEBuWfjEX20=
github.com/anharfhdn/go-say-hello/v2 v2.0.0 h1:WCJVyqkqobZ2TmlrTahXiRYdT74eVpMSZbDA2ES77Ag=
github.com/anharfhdn/go-say-hello/v2 v2.0.0/go.mod h1:TzZtzEksnFjLYfWFPS3VD8RcZJ6SzMD3fNmKjZd4ZMw=
